
Microsoft Visual Studio Solution File, Format Version 12.00
Project("{FAE04EC0-301F-11D3-BF4B-00C04F79EFBC}") = "Cipher", "Cipher\Cipher.csproj", "{174283A2-E24B-4A42-95B7-AC06434686E9}"
EndProject
Global
	GlobalSection(SolutionConfigurationPlatforms) = preSolution
		Debug|Any CPU = Debug|Any CPU
		Release|Any CPU = Release|Any CPU
	EndGlobalSection
	GlobalSection(ProjectConfigurationPlatforms) = postSolution
		{174283A2-E24B-4A42-95B7-AC06434686E9}.Debug|Any CPU.ActiveCfg = Debug|Any CPU
		{174283A2-E24B-4A42-95B7-AC06434686E9}.Debug|Any CPU.Build.0 = Debug|Any CPU
		{174283A2-E24B-4A42-95B7-AC06434686E9}.Release|Any CPU.ActiveCfg = Release|Any CPU
		{174283A2-E24B-4A42-95B7-AC06434686E9}.Release|Any CPU.Build.0 = Release|Any CPU
	EndGlobalSection
EndGlobal
